
Microsoft Visual Studio Solution File, Format Version 12.00
# Visual Studio Version 17
VisualStudioVersion = 17.5.33627.172
MinimumVisualStudioVersion = 10.0.40219.1
Project("{FAE04EC0-301F-11D3-BF4B-00C04F79EFBC}") = "ProvaDiego7", "ProvaDiego7\ProvaDiego7.csproj", "{091DF693-0ADA-4B4F-BD82-449447C6FF5D}"
EndProject
Global
	GlobalSection(SolutionConfigurationPlatforms) = preSolution
		Debug|Any CPU = Debug|Any CPU
		Release|Any CPU = Release|Any CPU
	EndGlobalSection
	GlobalSection(ProjectConfigurationPlatforms) = postSolution
		{091DF693-0ADA-4B4F-BD82-449447C6FF5D}.Debug|Any CPU.ActiveCfg = Debug|Any CPU
		{091DF693-0ADA-4B4F-BD82-449447C6FF5D}.Debug|Any CPU.Build.0 = Debug|Any CPU
		{091DF693-0ADA-4B4F-BD82-449447C6FF5D}.Release|Any CPU.ActiveCfg = Release|Any CPU
		{091DF693-0ADA-4B4F-BD82-449447C6FF5D}.Release|Any CPU.Build.0 = Release|Any CPU
	EndGlobalSection
	GlobalSection(SolutionProperties) = preSolution
		HideSolutionNode = FALSE
	EndGlobalSection
	GlobalSection(ExtensibilityGlobals) = postSolution
		SolutionGuid = {92C18064-86D3-46C9-9DC6-9CE89C1E4B0F}
	EndGlobalSection
EndGlobal
